// !$*UTF8*$!
{
	archiveVersion = 1;
	classes = {
	};
	objectVersion = 54;
	objects = {

/* Begin PBXBuildFile section */
		F237100326EF3E0B005EF1F4 /* WelcomeViewController.swift in Sources */ = {isa = PBXBuildFile; fileRef = F237100226EF3E0B005EF1F4 /* WelcomeViewController.swift */; };
		F237100626EF4364005EF1F4 /* Alert.swift in Sources */ = {isa = PBXBuildFile; fileRef = F237100526EF4364005EF1F4 /* Alert.swift */; };
		F24D6D0026EB9EEC00828705 /* UserData.swift in Sources */ = {isa = PBXBuildFile; fileRef = F24D6CFF26EB9EEC00828705 /* UserData.swift */; };
		F24D6D0326EBA0A800828705 /* Keyboard.swift in Sources */ = {isa = PBXBuildFile; fileRef = F24D6D0226EBA0A800828705 /* Keyboard.swift */; };
		F2E1E35426D3E5B600FD79AC /* AppDelegate.swift in Sources */ = {isa = PBXBuildFile; fileRef = F2E1E35326D3E5B600FD79AC /* AppDelegate.swift */; };
		F2E1E35626D3E5B600FD79AC /* SceneDelegate.swift in Sources */ = {isa = PBXBuildFile; fileRef = F2E1E35526D3E5B600FD79AC /* SceneDelegate.swift */; };
		F2E1E35826D3E5B600FD79AC /* LoginViewController.swift in Sources */ = {isa = PBXBuildFile; fileRef = F2E1E35726D3E5B600FD79AC /* LoginViewController.swift */; };
		F2E1E35B26D3E5B600FD79AC /* Main.storyboard in Resources */ = {isa = PBXBuildFile; fileRef = F2E1E35926D3E5B600FD79AC /* Main.storyboard */; };
		F2E1E35D26D3E5B700FD79AC /* Assets.xcassets in Resources */ = {isa = PBXBuildFile; fileRef = F2E1E35C26D3E5B700FD79AC /* Assets.xcassets */; };
		F2E1E36026D3E5B700FD79AC /* LaunchScreen.storyboard in Resources */ = {isa = PBXBuildFile; fileRef = F2E1E35E26D3E5B700FD79AC /* LaunchScreen.storyboard */; };
/* End PBXBuildFile section */

/* Begin PBXFileReference section */
		F237100226EF3E0B005EF1F4 /* WelcomeViewController.swift */ = {isa = PBXFileReference; lastKnownFileType = sourcecode.swift; path = WelcomeViewController.swift; sourceTree = "<group>"; };
		F237100526EF4364005EF1F4 /* Alert.swift */ = {isa = PBXFileReference; lastKnownFileType = sourcecode.swift; path = Alert.swift; sourceTree = "<group>"; };
		F24D6CFF26EB9EEC00828705 /* UserData.swift */ = {isa = PBXFileReference; lastKnownFileType = sourcecode.swift; path = UserData.swift; sourceTree = "<group>"; };
		F24D6D0226EBA0A800828705 /* Keyboard.swift */ = {isa = PBXFileReference; lastKnownFileType = sourcecode.swift; path = Keyboard.swift; sourceTree = "<group>"; };
		F2E1E35026D3E5B600FD79AC /* HW_4.1.app */ = {isa = PBXFileReference; explicitFileType = wrapper.application; includeInIndex = 0; path = HW_4.1.app; sourceTree = BUILT_PRODUCTS_DIR; };
		F2E1E35326D3E5B600FD79AC /* AppDelegate.swift */ = {isa = PBXFileReference; lastKnownFileType = sourcecode.swift; path = AppDelegate.swift; sourceTree = "<group>"; };
		F2E1E35526D3E5B600FD79AC /* SceneDelegate.swift */ = {isa = PBXFileReference; lastKnownFileType = sourcecode.swift; path = SceneDelegate.swift; sourceTree = "<group>"; };
		F2E1E35726D3E5B600FD79AC /* LoginViewController.swift */ = {isa = PBXFileReference; lastKnownFileType = sourcecode.swift; path = LoginViewController.swift; sourceTree = "<group>"; };
		F2E1E35A26D3E5B600FD79AC /* Base */ = {isa = PBXFileReference; lastKnownFileType = file.storyboard; name = Base; path = Base.lproj/Main.storyboard; sourceTree = "<group>"; };
		F2E1E35C26D3E5B700FD79AC /* Assets.xcassets */ = {isa = PBXFileReference; lastKnownFileType = folder.assetcatalog; path = Assets.xcassets; sourceTree = "<group>"; };
		F2E1E35F26D3E5B700FD79AC /* Base */ = {isa = PBXFileReference; lastKnownFileType = file.storyboard; name = Base; path = Base.lproj/LaunchScreen.storyboard; sourceTree = "<group>"; };
		F2E1E36126D3E5B700FD79AC /* Info.plist */ = {isa = PBXFileReference; lastKnownFileType = text.plist.xml; path = Info.plist; sourceTree = "<group>"; };
/* End PBXFileReference section */

/* Begin PBXFrameworksBuildPhase section */
		F2E1E34D26D3E5B600FD79AC /* Frameworks */ = {
			isa = PBXFrameworksBuildPhase;
			buildActionMask = 2147483647;
			files = (
			);
			runOnlyForDeploymentPostprocessing = 0;
		};
/* End PBXFrameworksBuildPhase section */

/* Begin PBXGroup section */
		F24D6CF126EB3CCC00828705 /* Model */ = {
			isa = PBXGroup;
			children = (
				F24D6CFF26EB9EEC00828705 /* UserData.swift */,
			);
			path = Model;
			sourceTree = "<group>";
		};
		F24D6CF226EB3CE700828705 /* Extension */ = {
			isa = PBXGroup;
			children = (
				F24D6D0226EBA0A800828705 /* Keyboard.swift */,
				F237100526EF4364005EF1F4 /* Alert.swift */,
			);
			path = Extension;
			sourceTree = "<group>";
		};
		F24D6CF426EB3D6700828705 /* Controllers */ = {
			isa = PBXGroup;
			children = (
				F237100226EF3E0B005EF1F4 /* WelcomeViewController.swift */,
				F2E1E35726D3E5B600FD79AC /* LoginViewController.swift */,
			);
			path = Controllers;
			sourceTree = "<group>";
		};
		F24D6CF626EB3D8500828705 /* Storyboards */ = {
			isa = PBXGroup;
			children = (
				F2E1E35926D3E5B600FD79AC /* Main.storyboard */,
				F2E1E35E26D3E5B700FD79AC /* LaunchScreen.storyboard */,
			);
			path = Storyboards;
			sourceTree = "<group>";
		};
		F24D6CF726EB3DAD00828705 /* Support Files */ = {
			isa = PBXGroup;
			children = (
				F2E1E35326D3E5B600FD79AC /* AppDelegate.swift */,
				F2E1E35526D3E5B600FD79AC /* SceneDelegate.swift */,
				F2E1E36126D3E5B700FD79AC /* Info.plist */,
			);
			path = "Support Files";
			sourceTree = "<group>";
		};
		F24D6CF926EB3DE600828705 /* Sourse */ = {
			isa = PBXGroup;
			children = (
				F2E1E35C26D3E5B700FD79AC /* Assets.xcassets */,
			);
			path = Sourse;
			sourceTree = "<group>";
		};
		F2E1E34726D3E5B600FD79AC = {
			isa = PBXGroup;
			children = (
				F2E1E35226D3E5B600FD79AC /* HW_4.1 */,
				F2E1E35126D3E5B600FD79AC /* Products */,
			);
			sourceTree = "<group>";
		};
		F2E1E35126D3E5B600FD79AC /* Products */ = {
			isa = PBXGroup;
			children = (
				F2E1E35026D3E5B600FD79AC /* HW_4.1.app */,
			);
			name = Products;
			sourceTree = "<group>";
		};
		F2E1E35226D3E5B600FD79AC /* HW_4.1 */ = {
			isa = PBXGroup;
			children = (
				F24D6CF126EB3CCC00828705 /* Model */,
				F24D6CF226EB3CE700828705 /* Extension */,
				F24D6CF426EB3D6700828705 /* Controllers */,
				F24D6CF626EB3D8500828705 /* Storyboards */,
				F24D6CF726EB3DAD00828705 /* Support Files */,
				F24D6CF926EB3DE600828705 /* Sourse */,
			);
			path = HW_4.1;
			sourceTree = "<group>";
		};
/* End PBXGroup section */

/* Begin PBXNativeTarget section */
		F2E1E34F26D3E5B600FD79AC /* HW_4.1 */ = {
			isa = PBXNativeTarget;
			buildConfigurationList = F2E1E36426D3E5B700FD79AC /* Build configuration list for PBXNativeTarget "HW_4.1" */;
			buildPhases = (
				F2E1E34C26D3E5B600FD79AC /* Sources */,
				F2E1E34D26D3E5B600FD79AC /* Frameworks */,
				F2E1E34E26D3E5B600FD79AC /* Resources */,
			);
			buildRules = (
			);
			dependencies = (
			);
			name = HW_4.1;
			productName = HW_4.1;
			productReference = F2E1E35026D3E5B600FD79AC /* HW_4.1.app */;
			productType = "com.apple.product-type.application";
		};
/* End PBXNativeTarget section */

/* Begin PBXProject section */
		F2E1E34826D3E5B600FD79AC /* Project object */ = {
			isa = PBXProject;
			attributes = {
				BuildIndependentTargetsInParallel = YES;
				LastSwiftUpdateCheck = 1240;
				LastUpgradeCheck = 1540;
				TargetAttributes = {
					F2E1E34F26D3E5B600FD79AC = {
						CreatedOnToolsVersion = 12.4;
					};
				};
			};
			buildConfigurationList = F2E1E34B26D3E5B600FD79AC /* Build configuration list for PBXProject "HW_4.1" */;
			compatibilityVersion = "Xcode 9.3";
			developmentRegion = en;
			hasScannedForEncodings = 0;
			knownRegions = (
				en,
				Base,
			);
			mainGroup = F2E1E34726D3E5B600FD79AC;
			productRefGroup = F2E1E35126D3E5B600FD79AC /* Products */;
			projectDirPath = "";
			projectRoot = "";
			targets = (
				F2E1E34F26D3E5B600FD79AC /* HW_4.1 */,
			);
		};
/* End PBXProject section */

/* Begin PBXResourcesBuildPhase section */
		F2E1E34E26D3E5B600FD79AC /* Resources */ = {
			isa = PBXResourcesBuildPhase;
			buildActionMask = 2147483647;
			files = (
				F2E1E36026D3E5B700FD79AC /* LaunchScreen.storyboard in Resources */,
				F2E1E35D26D3E5B700FD79AC /* Assets.xcassets in Resources */,
				F2E1E35B26D3E5B600FD79AC /* Main.storyboard in Resources */,
			);
			runOnlyForDeploymentPostprocessing = 0;
		};
/* End PBXResourcesBuildPhase section */

/* Begin PBXSourcesBuildPhase section */
		F2E1E34C26D3E5B600FD79AC /* Sources */ = {
			isa = PBXSourcesBuildPhase;
			buildActionMask = 2147483647;
			files = (
				F2E1E35826D3E5B600FD79AC /* LoginViewController.swift in Sources */,
				F2E1E35426D3E5B600FD79AC /* AppDelegate.swift in Sources */,
				F24D6D0326EBA0A800828705 /* Keyboard.swift in Sources */,
				F237100326EF3E0B005EF1F4 /* WelcomeViewController.swift in Sources */,
				F24D6D0026EB9EEC00828705 /* UserData.swift in Sources */,
				F2E1E35626D3E5B600FD79AC /* SceneDelegate.swift in Sources */,
				F237100626EF4364005EF1F4 /* Alert.swift in Sources */,
			);
			runOnlyForDeploymentPostprocessing = 0;
		};
/* End PBXSourcesBuildPhase section */

/* Begin PBXVariantGroup section */
		F2E1E35926D3E5B600FD79AC /* Main.storyboard */ = {
			isa = PBXVariantGroup;
			children = (
				F2E1E35A26D3E5B600FD79AC /* Base */,
			);
			name = Main.storyboard;
			sourceTree = "<group>";
		};
		F2E1E35E26D3E5B700FD79AC /* LaunchScreen.storyboard */ = {
			isa = PBXVariantGroup;
			children = (
				F2E1E35F26D3E5B700FD79AC /* Base */,
			);
			name = LaunchScreen.storyboard;
			sourceTree = "<group>";
		};
/* End PBXVariantGroup section */

/* Begin XCBuildConfiguration section */
		F2E1E36226D3E5B700FD79AC /* Debug */ = {
			isa = XCBuildConfiguration;
			buildSettings = {
				ALWAYS_SEARCH_USER_PATHS = NO;
				CLANG_ANALYZER_NONNULL = YES;
				CLANG_ANALYZER_NUMBER_OBJECT_CONVERSION = YES_AGGRESSIVE;
				CLANG_CXX_LANGUAGE_STANDARD = "gnu++14";
				CLANG_CXX_LIBRARY = "libc++";
				CLANG_ENABLE_MODULES = YES;
				CLANG_ENABLE_OBJC_ARC = YES;
				CLANG_ENABLE_OBJC_WEAK = YES;
				CLANG_WARN_BLOCK_CAPTURE_AUTORELEASING = YES;
				CLANG_WARN_BOOL_CONVERSION = YES;
				CLANG_WARN_COMMA = YES;
				CLANG_WARN_CONSTANT_CONVERSION = YES;
				CLANG_WARN_DEPRECATED_OBJC_IMPLEMENTATIONS = YES;
				CLANG_WARN_DIRECT_OBJC_ISA_USAGE = YES_ERROR;
				CLANG_WARN_DOCUMENTATION_COMMENTS = YES;
				CLANG_WARN_EMPTY_BODY = YES;
				CLANG_WARN_ENUM_CONVERSION = YES;
				CLANG_WARN_INFINITE_RECURSION = YES;
				CLANG_WARN_INT_CONVERSION = YES;
				CLANG_WARN_NON_LITERAL_NULL_CONVERSION = YES;
				CLANG_WARN_OBJC_IMPLICIT_RETAIN_SELF = YES;
				CLANG_WARN_OBJC_LITERAL_CONVERSION = YES;
				CLANG_WARN_OBJC_ROOT_CLASS = YES_ERROR;
				CLANG_WARN_QUOTED_INCLUDE_IN_FRAMEWORK_HEADER = YES;
				CLANG_WARN_RANGE_LOOP_ANALYSIS = YES;
				CLANG_WARN_STRICT_PROTOTYPES = YES;
				CLANG_WARN_SUSPICIOUS_MOVE = YES;
				CLANG_WARN_UNGUARDED_AVAILABILITY = YES_AGGRESSIVE;
				CLANG_WARN_UNREACHABLE_CODE = YES;
				CLANG_WARN__DUPLICATE_METHOD_MATCH = YES;
				COPY_PHASE_STRIP = NO;
				DEBUG_INFORMATION_FORMAT = dwarf;
				ENABLE_STRICT_OBJC_MSGSEND = YES;
				ENABLE_TESTABILITY = YES;
				ENABLE_USER_SCRIPT_SANDBOXING = YES;
				GCC_C_LANGUAGE_STANDARD = gnu11;
				GCC_DYNAMIC_NO_PIC = NO;
				GCC_NO_COMMON_BLOCKS = YES;
				GCC_OPTIMIZATION_LEVEL = 0;
				GCC_PREPROCESSOR_DEFINITIONS = (
					"DEBUG=1",
					"$(inherited)",
				);
				GCC_WARN_64_TO_32_BIT_CONVERSION = YES;
				GCC_WARN_ABOUT_RETURN_TYPE = YES_ERROR;
				GCC_WARN_UNDECLARED_SELECTOR = YES;
				GCC_WARN_UNINITIALIZED_AUTOS = YES_AGGRESSIVE;
				GCC_WARN_UNUSED_FUNCTION = YES;
				GCC_WARN_UNUSED_VARIABLE = YES;
				IPHONEOS_DEPLOYMENT_TARGET = 14.4;
				MTL_ENABLE_DEBUG_INFO = INCLUDE_SOURCE;
				MTL_FAST_MATH = YES;
				ONLY_ACTIVE_ARCH = YES;
				SDKROOT = iphoneos;
				SWIFT_ACTIVE_COMPILATION_CONDITIONS = DEBUG;
				SWIFT_OPTIMIZATION_LEVEL = "-Onone";
			};
			name = Debug;
		};
		F2E1E36326D3E5B700FD79AC /* Release */ = {
			isa = XCBuildConfiguration;
			buildSettings = {
				ALWAYS_SEARCH_USER_PATHS = NO;
				CLANG_ANALYZER_NONNULL = YES;
				CLANG_ANALYZER_NUMBER_OBJECT_CONVERSION = YES_AGGRESSIVE;
				CLANG_CXX_LANGUAGE_STANDARD = "gnu++14";
				CLANG_CXX_LIBRARY = "libc++";
				CLANG_ENABLE_MODULES = YES;
				CLANG_ENABLE_OBJC_ARC = YES;
				CLANG_ENABLE_OBJC_WEAK = YES;
				CLANG_WARN_BLOCK_CAPTURE_AUTORELEASING = YES;
				CLANG_WARN_BOOL_CONVERSION = YES;
				CLANG_WARN_COMMA = YES;
				CLANG_WARN_CONSTANT_CONVERSION = YES;
				CLANG_WARN_DEPRECATED_OBJC_IMPLEMENTATIONS = YES;
				CLANG_WARN_DIRECT_OBJC_ISA_USAGE = YES_ERROR;
				CLANG_WARN_DOCUMENTATION_COMMENTS = YES;
				CLANG_WARN_EMPTY_BODY = YES;
				CLANG_WARN_ENUM_CONVERSION = YES;
				CLANG_WARN_INFINITE_RECURSION = YES;
				CLANG_WARN_INT_CONVERSION = YES;
				CLANG_WARN_NON_LITERAL_NULL_CONVERSION = YES;
				CLANG_WARN_OBJC_IMPLICIT_RETAIN_SELF = YES;
				CLANG_WARN_OBJC_LITERAL_CONVERSION = YES;
				CLANG_WARN_OBJC_ROOT_CLASS = YES_ERROR;
				CLANG_WARN_QUOTED_INCLUDE_IN_FRAMEWORK_HEADER = YES;
				CLANG_WARN_RANGE_LOOP_ANALYSIS = YES;
				CLANG_WARN_STRICT_PROTOTYPES = YES;
				CLANG_WARN_SUSPICIOUS_MOVE = YES;
				CLANG_WARN_UNGUARDED_AVAILABILITY = YES_AGGRESSIVE;
				CLANG_WARN_UNREACHABLE_CODE = YES;
				CLANG_WARN__DUPLICATE_METHOD_MATCH = YES;
				COPY_PHASE_STRIP = NO;
				DEBUG_INFORMATION_FORMAT = "dwarf-with-dsym";
				ENABLE_NS_ASSERTIONS = NO;
				ENABLE_STRICT_OBJC_MSGSEND = YES;
				ENABLE_USER_SCRIPT_SANDBOXING = YES;
				GCC_C_LANGUAGE_STANDARD = gnu11;
				GCC_NO_COMMON_BLOCKS = YES;
				GCC_WARN_64_TO_32_BIT_CONVERSION = YES;
				GCC_WARN_ABOUT_RETURN_TYPE = YES_ERROR;
				GCC_WARN_UNDECLARED_SELECTOR = YES;
				GCC_WARN_UNINITIALIZED_AUTOS = YES_AGGRESSIVE;
				GCC_WARN_UNUSED_FUNCTION = YES;
				GCC_WARN_UNUSED_VARIABLE = YES;
				IPHONEOS_DEPLOYMENT_TARGET = 14.4;
				MTL_ENABLE_DEBUG_INFO = NO;
				MTL_FAST_MATH = YES;
				SDKROOT = iphoneos;
				SWIFT_COMPILATION_MODE = wholemodule;
				SWIFT_OPTIMIZATION_LEVEL = "-O";
				VALIDATE_PRODUCT = YES;
			};
			name = Release;
		};
		F2E1E36526D3E5B700FD79AC /* Debug */ = {
			isa = XCBuildConfiguration;
			buildSettings = {
				ASSETCATALOG_COMPILER_APPICON_NAME = AppIcon;
				ASSETCATALOG_COMPILER_GLOBAL_ACCENT_COLOR_NAME = AccentColor;
				CODE_SIGN_STYLE = Automatic;
				DEVELOPMENT_TEAM = C4L592B76W;
				INFOPLIST_FILE = "HW_4.1/Support Files/Info.plist";
				LD_RUNPATH_SEARCH_PATHS = (
					"$(inherited)",
					"@executable_path/Frameworks",
				);
				PRODUCT_BUNDLE_IDENTIFIER = "com.KostyaLosev.HW-4-1";
				PRODUCT_NAME = "$(TARGET_NAME)";
				SWIFT_VERSION = 5.0;
				TARGETED_DEVICE_FAMILY = 1;
			};
			name = Debug;
		};
		F2E1E36626D3E5B700FD79AC /* Release */ = {
			isa = XCBuildConfiguration;
			buildSettings = {
				ASSETCATALOG_COMPILER_APPICON_NAME = AppIcon;
				ASSETCATALOG_COMPILER_GLOBAL_ACCENT_COLOR_NAME = AccentColor;
				CODE_SIGN_STYLE = Automatic;
				DEVELOPMENT_TEAM = C4L592B76W;
				INFOPLIST_FILE = "HW_4.1/Support Files/Info.plist";
				LD_RUNPATH_SEARCH_PATHS = (
					"$(inherited)",
					"@executable_path/Frameworks",
				);
				PRODUCT_BUNDLE_IDENTIFIER = "com.KostyaLosev.HW-4-1";
				PRODUCT_NAME = "$(TARGET_NAME)";
				SWIFT_VERSION = 5.0;
				TARGETED_DEVICE_FAMILY = 1;
			};
			name = Release;
		};
/* End XCBuildConfiguration section */

/* Begin XCConfigurationList section */
		F2E1E34B26D3E5B600FD79AC /* Build configuration list for PBXProject "HW_4.1" */ = {
			isa = XCConfigurationList;
			buildConfigurations = (
				F2E1E36226D3E5B700FD79AC /* Debug */,
				F2E1E36326D3E5B700FD79AC /* Release */,
			);
			defaultConfigurationIsVisible = 0;
			defaultConfigurationName = Release;
		};
		F2E1E36426D3E5B700FD79AC /* Build configuration list for PBXNativeTarget "HW_4.1" */ = {
			isa = XCConfigurationList;
			buildConfigurations = (
				F2E1E36526D3E5B700FD79AC /* Debug */,
				F2E1E36626D3E5B700FD79AC /* Release */,
			);
			defaultConfigurationIsVisible = 0;
			defaultConfigurationName = Release;
		};
/* End XCConfigurationList section */
	};
	rootObject = F2E1E34826D3E5B600FD79AC /* Project object */;
}
